// !$*UTF8*$!
{
	archiveVersion = 1;
	classes = {
	};
	objectVersion = 55;
	objects = {

/* Begin PBXBuildFile section */
		4728F3EC27F865E90092C797 /* NetworkWeatherManager.swift in Sources */ = {isa = PBXBuildFile; fileRef = 4728F3EB27F865E90092C797 /* NetworkWeatherManager.swift */; };
		4728F3EE27F867140092C797 /* Constans.swift in Sources */ = {isa = PBXBuildFile; fileRef = 4728F3ED27F867140092C797 /* Constans.swift */; };
		4728F3F027F86DC70092C797 /* CurrentWeatherData.swift in Sources */ = {isa = PBXBuildFile; fileRef = 4728F3EF27F86DC70092C797 /* CurrentWeatherData.swift */; };
		4728F3F227F8726A0092C797 /* CurrentWeather.swift in Sources */ = {isa = PBXBuildFile; fileRef = 4728F3F127F8726A0092C797 /* CurrentWeather.swift */; };
		4740A42E27F6F9AD00385905 /* AppDelegate.swift in Sources */ = {isa = PBXBuildFile; fileRef = 4740A42D27F6F9AD00385905 /* AppDelegate.swift */; };
		4740A43027F6F9AD00385905 /* SceneDelegate.swift in Sources */ = {isa = PBXBuildFile; fileRef = 4740A42F27F6F9AD00385905 /* SceneDelegate.swift */; };
		4740A43227F6F9AD00385905 /* ViewController.swift in Sources */ = {isa = PBXBuildFile; fileRef = 4740A43127F6F9AD00385905 /* ViewController.swift */; };
		4740A43527F6F9AD00385905 /* Main.storyboard in Resources */ = {isa = PBXBuildFile; fileRef = 4740A43327F6F9AD00385905 /* Main.storyboard */; };
		4740A43727F6F9B000385905 /* Assets.xcassets in Resources */ = {isa = PBXBuildFile; fileRef = 4740A43627F6F9B000385905 /* Assets.xcassets */; };
		4740A43A27F6F9B000385905 /* LaunchScreen.storyboard in Resources */ = {isa = PBXBuildFile; fileRef = 4740A43827F6F9B000385905 /* LaunchScreen.storyboard */; };
		47AFEA0C27F795710000D0C1 /* ViewController+alertController.swift in Sources */ = {isa = PBXBuildFile; fileRef = 47AFEA0B27F795710000D0C1 /* ViewController+alertController.swift */; };
/* End PBXBuildFile section */

/* Begin PBXFileReference section */
		4728F3EB27F865E90092C797 /* NetworkWeatherManager.swift */ = {isa = PBXFileReference; lastKnownFileType = sourcecode.swift; path = NetworkWeatherManager.swift; sourceTree = "<group>"; };
		4728F3ED27F867140092C797 /* Constans.swift */ = {isa = PBXFileReference; lastKnownFileType = sourcecode.swift; path = Constans.swift; sourceTree = "<group>"; };
		4728F3EF27F86DC70092C797 /* CurrentWeatherData.swift */ = {isa = PBXFileReference; lastKnownFileType = sourcecode.swift; path = CurrentWeatherData.swift; sourceTree = "<group>"; };
		4728F3F127F8726A0092C797 /* CurrentWeather.swift */ = {isa = PBXFileReference; lastKnownFileType = sourcecode.swift; path = CurrentWeather.swift; sourceTree = "<group>"; };
		4740A42A27F6F9AC00385905 /* WeatherApp.app */ = {isa = PBXFileReference; explicitFileType = wrapper.application; includeInIndex = 0; path = WeatherApp.app; sourceTree = BUILT_PRODUCTS_DIR; };
		4740A42D27F6F9AD00385905 /* AppDelegate.swift */ = {isa = PBXFileReference; lastKnownFileType = sourcecode.swift; path = AppDelegate.swift; sourceTree = "<group>"; };
		4740A42F27F6F9AD00385905 /* SceneDelegate.swift */ = {isa = PBXFileReference; lastKnownFileType = sourcecode.swift; path = SceneDelegate.swift; sourceTree = "<group>"; };
		4740A43127F6F9AD00385905 /* ViewController.swift */ = {isa = PBXFileReference; lastKnownFileType = sourcecode.swift; path = ViewController.swift; sourceTree = "<group>"; };
		4740A43427F6F9AD00385905 /* Base */ = {isa = PBXFileReference; lastKnownFileType = file.storyboard; name = Base; path = Base.lproj/Main.storyboard; sourceTree = "<group>"; };
		4740A43627F6F9B000385905 /* Assets.xcassets */ = {isa = PBXFileReference; lastKnownFileType = folder.assetcatalog; path = Assets.xcassets; sourceTree = "<group>"; };
		4740A43927F6F9B000385905 /* Base */ = {isa = PBXFileReference; lastKnownFileType = file.storyboard; name = Base; path = Base.lproj/LaunchScreen.storyboard; sourceTree = "<group>"; };
		4740A43B27F6F9B000385905 /* Info.plist */ = {isa = PBXFileReference; lastKnownFileType = text.plist.xml; path = Info.plist; sourceTree = "<group>"; };
		47AFEA0B27F795710000D0C1 /* ViewController+alertController.swift */ = {isa = PBXFileReference; lastKnownFileType = sourcecode.swift; path = "ViewController+alertController.swift"; sourceTree = "<group>"; };
/* End PBXFileReference section */

/* Begin PBXFrameworksBuildPhase section */
		4740A42727F6F9AC00385905 /* Frameworks */ = {
			isa = PBXFrameworksBuildPhase;
			buildActionMask = 2147483647;
			files = (
			);
			runOnlyForDeploymentPostprocessing = 0;
		};
/* End PBXFrameworksBuildPhase section */

/* Begin PBXGroup section */
		4740A42127F6F9AC00385905 = {
			isa = PBXGroup;
			children = (
				4740A42C27F6F9AC00385905 /* WeatherApp */,
				4740A42B27F6F9AC00385905 /* Products */,
			);
			sourceTree = "<group>";
		};
		4740A42B27F6F9AC00385905 /* Products */ = {
			isa = PBXGroup;
			children = (
				4740A42A27F6F9AC00385905 /* WeatherApp.app */,
			);
			name = Products;
			sourceTree = "<group>";
		};
		4740A42C27F6F9AC00385905 /* WeatherApp */ = {
			isa = PBXGroup;
			children = (
				47AFEA0A27F78CC00000D0C1 /* Extensions */,
				47AFEA0927F78CB40000D0C1 /* View Controllers */,
				47AFEA0827F78CA10000D0C1 /* Storyboards */,
				47AFEA0727F78C9B0000D0C1 /* Models */,
				47AFEA0627F78C870000D0C1 /* Supporting Files */,
			);
			path = WeatherApp;
			sourceTree = "<group>";
		};
		47AFEA0627F78C870000D0C1 /* Supporting Files */ = {
			isa = PBXGroup;
			children = (
				4728F3ED27F867140092C797 /* Constans.swift */,
				4740A42D27F6F9AD00385905 /* AppDelegate.swift */,
				4740A42F27F6F9AD00385905 /* SceneDelegate.swift */,
				4740A43627F6F9B000385905 /* Assets.xcassets */,
				4740A43B27F6F9B000385905 /* Info.plist */,
			);
			path = "Supporting Files";
			sourceTree = "<group>";
		};
		47AFEA0727F78C9B0000D0C1 /* Models */ = {
			isa = PBXGroup;
			children = (
				4728F3EB27F865E90092C797 /* NetworkWeatherManager.swift */,
				4728F3EF27F86DC70092C797 /* CurrentWeatherData.swift */,
				4728F3F127F8726A0092C797 /* CurrentWeather.swift */,
			);
			path = Models;
			sourceTree = "<group>";
		};
		47AFEA0827F78CA10000D0C1 /* Storyboards */ = {
			isa = PBXGroup;
			children = (
				4740A43327F6F9AD00385905 /* Main.storyboard */,
				4740A43827F6F9B000385905 /* LaunchScreen.storyboard */,
			);
			path = Storyboards;
			sourceTree = "<group>";
		};
		47AFEA0927F78CB40000D0C1 /* View Controllers */ = {
			isa = PBXGroup;
			children = (
				4740A43127F6F9AD00385905 /* ViewController.swift */,
			);
			path = "View Controllers";
			sourceTree = "<group>";
		};
		47AFEA0A27F78CC00000D0C1 /* Extensions */ = {
			isa = PBXGroup;
			children = (
				47AFEA0B27F795710000D0C1 /* ViewController+alertController.swift */,
			);
			path = Extensions;
			sourceTree = "<group>";
		};
/* End PBXGroup section */

/* Begin PBXNativeTarget section */
		4740A42927F6F9AC00385905 /* WeatherApp */ = {
			isa = PBXNativeTarget;
			buildConfigurationList = 4740A43E27F6F9B000385905 /* Build configuration list for PBXNativeTarget "WeatherApp" */;
			buildPhases = (
				4740A42627F6F9AC00385905 /* Sources */,
				4740A42727F6F9AC00385905 /* Frameworks */,
				4740A42827F6F9AC00385905 /* Resources */,
			);
			buildRules = (
			);
			dependencies = (
			);
			name = WeatherApp;
			productName = WeatherApp;
			productReference = 4740A42A27F6F9AC00385905 /* WeatherApp.app */;
			productType = "com.apple.product-type.application";
		};
/* End PBXNativeTarget section */

/* Begin PBXProject section */
		4740A42227F6F9AC00385905 /* Project object */ = {
			isa = PBXProject;
			attributes = {
				BuildIndependentTargetsInParallel = 1;
				LastSwiftUpdateCheck = 1310;
				LastUpgradeCheck = 1310;
				TargetAttributes = {
					4740A42927F6F9AC00385905 = {
						CreatedOnToolsVersion = 13.1;
					};
				};
			};
			buildConfigurationList = 4740A42527F6F9AC00385905 /* Build configuration list for PBXProject "WeatherApp" */;
			compatibilityVersion = "Xcode 13.0";
			developmentRegion = en;
			hasScannedForEncodings = 0;
			knownRegions = (
				en,
				Base,
			);
			mainGroup = 4740A42127F6F9AC00385905;
			productRefGroup = 4740A42B27F6F9AC00385905 /* Products */;
			projectDirPath = "";
			projectRoot = "";
			targets = (
				4740A42927F6F9AC00385905 /* WeatherApp */,
			);
		};
/* End PBXProject section */

/* Begin PBXResourcesBuildPhase section */
		4740A42827F6F9AC00385905 /* Resources */ = {
			isa = PBXResourcesBuildPhase;
			buildActionMask = 2147483647;
			files = (
				4740A43A27F6F9B000385905 /* LaunchScreen.storyboard in Resources */,
				4740A43727F6F9B000385905 /* Assets.xcassets in Resources */,
				4740A43527F6F9AD00385905 /* Main.storyboard in Resources */,
			);
			runOnlyForDeploymentPostprocessing = 0;
		};
/* End PBXResourcesBuildPhase section */

/* Begin PBXSourcesBuildPhase section */
		4740A42627F6F9AC00385905 /* Sources */ = {
			isa = PBXSourcesBuildPhase;
			buildActionMask = 2147483647;
			files = (
				4740A43227F6F9AD00385905 /* ViewController.swift in Sources */,
				47AFEA0C27F795710000D0C1 /* ViewController+alertController.swift in Sources */,
				4728F3F227F8726A0092C797 /* CurrentWeather.swift in Sources */,
				4728F3EE27F867140092C797 /* Constans.swift in Sources */,
				4728F3EC27F865E90092C797 /* NetworkWeatherManager.swift in Sources */,
				4740A42E27F6F9AD00385905 /* AppDelegate.swift in Sources */,
				4728F3F027F86DC70092C797 /* CurrentWeatherData.swift in Sources */,
				4740A43027F6F9AD00385905 /* SceneDelegate.swift in Sources */,
			);
			runOnlyForDeploymentPostprocessing = 0;
		};
/* End PBXSourcesBuildPhase section */

/* Begin PBXVariantGroup section */
		4740A43327F6F9AD00385905 /* Main.storyboard */ = {
			isa = PBXVariantGroup;
			children = (
				4740A43427F6F9AD00385905 /* Base */,
			);
			name = Main.storyboard;
			sourceTree = "<group>";
		};
		4740A43827F6F9B000385905 /* LaunchScreen.storyboard */ = {
			isa = PBXVariantGroup;
			children = (
				4740A43927F6F9B000385905 /* Base */,
			);
			name = LaunchScreen.storyboard;
			sourceTree = "<group>";
		};
/* End PBXVariantGroup section */

/* Begin XCBuildConfiguration section */
		4740A43C27F6F9B000385905 /* Debug */ = {
			isa = XCBuildConfiguration;
			buildSettings = {
				ALWAYS_SEARCH_USER_PATHS = NO;
				CLANG_ANALYZER_NONNULL = YES;
				CLANG_ANALYZER_NUMBER_OBJECT_CONVERSION = YES_AGGRESSIVE;
				CLANG_CXX_LANGUAGE_STANDARD = "gnu++17";
				CLANG_CXX_LIBRARY = "libc++";
				CLANG_ENABLE_MODULES = YES;
				CLANG_ENABLE_OBJC_ARC = YES;
				CLANG_ENABLE_OBJC_WEAK = YES;
				CLANG_WARN_BLOCK_CAPTURE_AUTORELEASING = YES;
				CLANG_WARN_BOOL_CONVERSION = YES;
				CLANG_WARN_COMMA = YES;
				CLANG_WARN_CONSTANT_CONVERSION = YES;
				CLANG_WARN_DEPRECATED_OBJC_IMPLEMENTATIONS = YES;
				CLANG_WARN_DIRECT_OBJC_ISA_USAGE = YES_ERROR;
				CLANG_WARN_DOCUMENTATION_COMMENTS = YES;
				CLANG_WARN_EMPTY_BODY = YES;
				CLANG_WARN_ENUM_CONVERSION = YES;
				CLANG_WARN_INFINITE_RECURSION = YES;
				CLANG_WARN_INT_CONVERSION = YES;
				CLANG_WARN_NON_LITERAL_NULL_CONVERSION = YES;
				CLANG_WARN_OBJC_IMPLICIT_RETAIN_SELF = YES;
				CLANG_WARN_OBJC_LITERAL_CONVERSION = YES;
				CLANG_WARN_OBJC_ROOT_CLASS = YES_ERROR;
				CLANG_WARN_QUOTED_INCLUDE_IN_FRAMEWORK_HEADER = YES;
				CLANG_WARN_RANGE_LOOP_ANALYSIS = YES;
				CLANG_WARN_STRICT_PROTOTYPES = YES;
				CLANG_WARN_SUSPICIOUS_MOVE = YES;
				CLANG_WARN_UNGUARDED_AVAILABILITY = YES_AGGRESSIVE;
				CLANG_WARN_UNREACHABLE_CODE = YES;
				CLANG_WARN__DUPLICATE_METHOD_MATCH = YES;
				COPY_PHASE_STRIP = NO;
				DEBUG_INFORMATION_FORMAT = dwarf;
				ENABLE_STRICT_OBJC_MSGSEND = YES;
				ENABLE_TESTABILITY = YES;
				GCC_C_LANGUAGE_STANDARD = gnu11;
				GCC_DYNAMIC_NO_PIC = NO;
				GCC_NO_COMMON_BLOCKS = YES;
				GCC_OPTIMIZATION_LEVEL = 0;
				GCC_PREPROCESSOR_DEFINITIONS = (
					"DEBUG=1",
					"$(inherited)",
				);
				GCC_WARN_64_TO_32_BIT_CONVERSION = YES;
				GCC_WARN_ABOUT_RETURN_TYPE = YES_ERROR;
				GCC_WARN_UNDECLARED_SELECTOR = YES;
				GCC_WARN_UNINITIALIZED_AUTOS = YES_AGGRESSIVE;
				GCC_WARN_UNUSED_FUNCTION = YES;
				GCC_WARN_UNUSED_VARIABLE = YES;
				IPHONEOS_DEPLOYMENT_TARGET = 15.0;
				MTL_ENABLE_DEBUG_INFO = INCLUDE_SOURCE;
				MTL_FAST_MATH = YES;
				ONLY_ACTIVE_ARCH = YES;
				SDKROOT = iphoneos;
				SWIFT_ACTIVE_COMPILATION_CONDITIONS = DEBUG;
				SWIFT_OPTIMIZATION_LEVEL = "-Onone";
			};
			name = Debug;
		};
		4740A43D27F6F9B000385905 /* Release */ = {
			isa = XCBuildConfiguration;
			buildSettings = {
				ALWAYS_SEARCH_USER_PATHS = NO;
				CLANG_ANALYZER_NONNULL = YES;
				CLANG_ANALYZER_NUMBER_OBJECT_CONVERSION = YES_AGGRESSIVE;
				CLANG_CXX_LANGUAGE_STANDARD = "gnu++17";
				CLANG_CXX_LIBRARY = "libc++";
				CLANG_ENABLE_MODULES = YES;
				CLANG_ENABLE_OBJC_ARC = YES;
				CLANG_ENABLE_OBJC_WEAK = YES;
				CLANG_WARN_BLOCK_CAPTURE_AUTORELEASING = YES;
				CLANG_WARN_BOOL_CONVERSION = YES;
				CLANG_WARN_COMMA = YES;
				CLANG_WARN_CONSTANT_CONVERSION = YES;
				CLANG_WARN_DEPRECATED_OBJC_IMPLEMENTATIONS = YES;
				CLANG_WARN_DIRECT_OBJC_ISA_USAGE = YES_ERROR;
				CLANG_WARN_DOCUMENTATION_COMMENTS = YES;
				CLANG_WARN_EMPTY_BODY = YES;
				CLANG_WARN_ENUM_CONVERSION = YES;
				CLANG_WARN_INFINITE_RECURSION = YES;
				CLANG_WARN_INT_CONVERSION = YES;
				CLANG_WARN_NON_LITERAL_NULL_CONVERSION = YES;
				CLANG_WARN_OBJC_IMPLICIT_RETAIN_SELF = YES;
				CLANG_WARN_OBJC_LITERAL_CONVERSION = YES;
				CLANG_WARN_OBJC_ROOT_CLASS = YES_ERROR;
				CLANG_WARN_QUOTED_INCLUDE_IN_FRAMEWORK_HEADER = YES;
				CLANG_WARN_RANGE_LOOP_ANALYSIS = YES;
				CLANG_WARN_STRICT_PROTOTYPES = YES;
				CLANG_WARN_SUSPICIOUS_MOVE = YES;
				CLANG_WARN_UNGUARDED_AVAILABILITY = YES_AGGRESSIVE;
				CLANG_WARN_UNREACHABLE_CODE = YES;
				CLANG_WARN__DUPLICATE_METHOD_MATCH = YES;
				COPY_PHASE_STRIP = NO;
				DEBUG_INFORMATION_FORMAT = "dwarf-with-dsym";
				ENABLE_NS_ASSERTIONS = NO;
				ENABLE_STRICT_OBJC_MSGSEND = YES;
				GCC_C_LANGUAGE_STANDARD = gnu11;
				GCC_NO_COMMON_BLOCKS = YES;
				GCC_WARN_64_TO_32_BIT_CONVERSION = YES;
				GCC_WARN_ABOUT_RETURN_TYPE = YES_ERROR;
				GCC_WARN_UNDECLARED_SELECTOR = YES;
				GCC_WARN_UNINITIALIZED_AUTOS = YES_AGGRESSIVE;
				GCC_WARN_UNUSED_FUNCTION = YES;
				GCC_WARN_UNUSED_VARIABLE = YES;
				IPHONEOS_DEPLOYMENT_TARGET = 15.0;
				MTL_ENABLE_DEBUG_INFO = NO;
				MTL_FAST_MATH = YES;
				SDKROOT = iphoneos;
				SWIFT_COMPILATION_MODE = wholemodule;
				SWIFT_OPTIMIZATION_LEVEL = "-O";
				VALIDATE_PRODUCT = YES;
			};
			name = Release;
		};
		4740A43F27F6F9B000385905 /* Debug */ = {
			isa = XCBuildConfiguration;
			buildSettings = {
				ASSETCATALOG_COMPILER_APPICON_NAME = AppIcon;
				ASSETCATALOG_COMPILER_GLOBAL_ACCENT_COLOR_NAME = AccentColor;
				CODE_SIGN_STYLE = Automatic;
				CURRENT_PROJECT_VERSION = 1;
				GENERATE_INFOPLIST_FILE = YES;
				INFOPLIST_FILE = "WeatherApp/Supporting Files/Info.plist";
				INFOPLIST_KEY_UIApplicationSupportsIndirectInputEvents = YES;
				INFOPLIST_KEY_UILaunchStoryboardName = LaunchScreen;
				INFOPLIST_KEY_UIMainStoryboardFile = Main;
				INFOPLIST_KEY_UISupportedInterfaceOrientations_iPad = "UIInterfaceOrientationPortrait UIInterfaceOrientationPortraitUpsideDown UIInterfaceOrientationLandscapeLeft UIInterfaceOrientationLandscapeRight";
				INFOPLIST_KEY_UISupportedInterfaceOrientations_iPhone = "UIInterfaceOrientationPortrait UIInterfaceOrientationLandscapeLeft UIInterfaceOrientationLandscapeRight";
				LD_RUNPATH_SEARCH_PATHS = (
					"$(inherited)",
					"@executable_path/Frameworks",
				);
				MARKETING_VERSION = 1.0;
				PRODUCT_BUNDLE_IDENTIFIER = com.kolundaevva.WeatherApp;
				PRODUCT_NAME = "$(TARGET_NAME)";
				SWIFT_EMIT_LOC_STRINGS = YES;
				SWIFT_VERSION = 5.0;
				TARGETED_DEVICE_FAMILY = 1;
			};
			name = Debug;
		};
		4740A44027F6F9B000385905 /* Release */ = {
			isa = XCBuildConfiguration;
			buildSettings = {
				ASSETCATALOG_COMPILER_APPICON_NAME = AppIcon;
				ASSETCATALOG_COMPILER_GLOBAL_ACCENT_COLOR_NAME = AccentColor;
				CODE_SIGN_STYLE = Automatic;
				CURRENT_PROJECT_VERSION = 1;
				GENERATE_INFOPLIST_FILE = YES;
				INFOPLIST_FILE = "WeatherApp/Supporting Files/Info.plist";
				INFOPLIST_KEY_UIApplicationSupportsIndirectInputEvents = YES;
				INFOPLIST_KEY_UILaunchStoryboardName = LaunchScreen;
				INFOPLIST_KEY_UIMainStoryboardFile = Main;
				INFOPLIST_KEY_UISupportedInterfaceOrientations_iPad = "UIInterfaceOrientationPortrait UIInterfaceOrientationPortraitUpsideDown UIInterfaceOrientationLandscapeLeft UIInterfaceOrientationLandscapeRight";
				INFOPLIST_KEY_UISupportedInterfaceOrientations_iPhone = "UIInterfaceOrientationPortrait UIInterfaceOrientationLandscapeLeft UIInterfaceOrientationLandscapeRight";
				LD_RUNPATH_SEARCH_PATHS = (
					"$(inherited)",
					"@executable_path/Frameworks",
				);
				MARKETING_VERSION = 1.0;
				PRODUCT_BUNDLE_IDENTIFIER = com.kolundaevva.WeatherApp;
				PRODUCT_NAME = "$(TARGET_NAME)";
				SWIFT_EMIT_LOC_STRINGS = YES;
				SWIFT_VERSION = 5.0;
				TARGETED_DEVICE_FAMILY = 1;
			};
			name = Release;
		};
/* End XCBuildConfiguration section */

/* Begin XCConfigurationList section */
		4740A42527F6F9AC00385905 /* Build configuration list for PBXProject "WeatherApp" */ = {
			isa = XCConfigurationList;
			buildConfigurations = (
				4740A43C27F6F9B000385905 /* Debug */,
				4740A43D27F6F9B000385905 /* Release */,
			);
			defaultConfigurationIsVisible = 0;
			defaultConfigurationName = Release;
		};
		4740A43E27F6F9B000385905 /* Build configuration list for PBXNativeTarget "WeatherApp" */ = {
			isa = XCConfigurationList;
			buildConfigurations = (
				4740A43F27F6F9B000385905 /* Debug */,
				4740A44027F6F9B000385905 /* Release */,
			);
			defaultConfigurationIsVisible = 0;
			defaultConfigurationName = Release;
		};
/* End XCConfigurationList section */
	};
	rootObject = 4740A42227F6F9AC00385905 /* Project object */;
}
